
Microsoft Visual Studio Solution File, Format Version 12.00
# Visual Studio Version 16
VisualStudioVersion = 16.0.30626.31
MinimumVisualStudioVersion = 10.0.40219.1
Project("{9A19103F-16F7-4668-BE54-9A1E7A4F7556}") = "Client", "Client\Client.csproj", "{04E46B25-B029-488B-BD1B-9E4AB12E72E3}"
EndProject
Project("{9A19103F-16F7-4668-BE54-9A1E7A4F7556}") = "ClientWin", "ClientWin\ClientWin.csproj", "{8FD4456A-9C49-46ED-9EB4-155C2D738730}"
EndProject
Project("{9A19103F-16F7-4668-BE54-9A1E7A4F7556}") = "Server", "Server\Server.csproj", "{68784D57-3C16-40AC-B483-21202554E114}"
EndProject
Project("{9A19103F-16F7-4668-BE54-9A1E7A4F7556}") = "Monitor", "Monitor\Monitor.csproj", "{6AEEBA41-2B34-48F8-AE1C-DD8D19E67B6C}"
EndProject
Project("{9A19103F-16F7-4668-BE54-9A1E7A4F7556}") = "NDde", "..\Source\NDde\NDde.csproj", "{9DB6B54E-10B0-4093-8EE8-1678F0F10CD7}"
EndProject
Global
	GlobalSection(SolutionConfigurationPlatforms) = preSolution
		Debug|Any CPU = Debug|Any CPU
		Release|Any CPU = Release|Any CPU
	EndGlobalSection
	GlobalSection(ProjectConfigurationPlatforms) = postSolution
		{04E46B25-B029-488B-BD1B-9E4AB12E72E3}.Debug|Any CPU.ActiveCfg = Debug|Any CPU
		{04E46B25-B029-488B-BD1B-9E4AB12E72E3}.Debug|Any CPU.Build.0 = Debug|Any CPU
		{04E46B25-B029-488B-BD1B-9E4AB12E72E3}.Release|Any CPU.ActiveCfg = Release|Any CPU
		{04E46B25-B029-488B-BD1B-9E4AB12E72E3}.Release|Any CPU.Build.0 = Release|Any CPU
		{8FD4456A-9C49-46ED-9EB4-155C2D738730}.Debug|Any CPU.ActiveCfg = Debug|Any CPU
		{8FD4456A-9C49-46ED-9EB4-155C2D738730}.Debug|Any CPU.Build.0 = Debug|Any CPU
		{8FD4456A-9C49-46ED-9EB4-155C2D738730}.Release|Any CPU.ActiveCfg = Release|Any CPU
		{8FD4456A-9C49-46ED-9EB4-155C2D738730}.Release|Any CPU.Build.0 = Release|Any CPU
		{68784D57-3C16-40AC-B483-21202554E114}.Debug|Any CPU.ActiveCfg = Debug|Any CPU
		{68784D57-3C16-40AC-B483-21202554E114}.Debug|Any CPU.Build.0 = Debug|Any CPU
		{68784D57-3C16-40AC-B483-21202554E114}.Release|Any CPU.ActiveCfg = Release|Any CPU
		{68784D57-3C16-40AC-B483-21202554E114}.Release|Any CPU.Build.0 = Release|Any CPU
		{6AEEBA41-2B34-48F8-AE1C-DD8D19E67B6C}.Debug|Any CPU.ActiveCfg = Debug|Any CPU
		{6AEEBA41-2B34-48F8-AE1C-DD8D19E67B6C}.Debug|Any CPU.Build.0 = Debug|Any CPU
		{6AEEBA41-2B34-48F8-AE1C-DD8D19E67B6C}.Release|Any CPU.ActiveCfg = Release|Any CPU
		{6AEEBA41-2B34-48F8-AE1C-DD8D19E67B6C}.Release|Any CPU.Build.0 = Release|Any CPU
		{9DB6B54E-10B0-4093-8EE8-1678F0F10CD7}.Debug|Any CPU.ActiveCfg = Debug|Any CPU
		{9DB6B54E-10B0-4093-8EE8-1678F0F10CD7}.Debug|Any CPU.Build.0 = Debug|Any CPU
		{9DB6B54E-10B0-4093-8EE8-1678F0F10CD7}.Release|Any CPU.ActiveCfg = Release|Any CPU
		{9DB6B54E-10B0-4093-8EE8-1678F0F10CD7}.Release|Any CPU.Build.0 = Release|Any CPU
	EndGlobalSection
	GlobalSection(SolutionProperties) = preSolution
		HideSolutionNode = FALSE
	EndGlobalSection
	GlobalSection(ExtensibilityGlobals) = postSolution
		SolutionGuid = {FD0F257B-2396-4507-A12F-C02094E7BB71}
	EndGlobalSection
EndGlobal
